
Microsoft Visual Studio Solution File, Format Version 12.00
# Visual Studio Version 16
VisualStudioVersion = 16.0.30011.22
MinimumVisualStudioVersion = 10.0.40219.1
Project("{FAE04EC0-301F-11D3-BF4B-00C04F79EFBC}") = "01.Box", "01.Box\01.Box.csproj", "{84B88168-3BA9-4250-91DF-47672DFC1CC1}"
EndProject
Project("{FAE04EC0-301F-11D3-BF4B-00C04F79EFBC}") = "02.ArrayCreator", "02.ArrayCreator\02.ArrayCreator.csproj", "{5CA9231C-AEAB-4F98-BB67-933FE5209B7E}"
EndProject
Project("{FAE04EC0-301F-11D3-BF4B-00C04F79EFBC}") = "GenericScale", "GenericScale\GenericScale.csproj", "{3CD34C1F-6367-4BC8-AC95-00354C9C7C4D}"
EndProject
Global
	GlobalSection(SolutionConfigurationPlatforms) = preSolution
		Debug|Any CPU = Debug|Any CPU
		Release|Any CPU = Release|Any CPU
	EndGlobalSection
	GlobalSection(ProjectConfigurationPlatforms) = postSolution
		{84B88168-3BA9-4250-91DF-47672DFC1CC1}.Debug|Any CPU.ActiveCfg = Debug|Any CPU
		{84B88168-3BA9-4250-91DF-47672DFC1CC1}.Debug|Any CPU.Build.0 = Debug|Any CPU
		{84B88168-3BA9-4250-91DF-47672DFC1CC1}.Release|Any CPU.ActiveCfg = Release|Any CPU
		{84B88168-3BA9-4250-91DF-47672DFC1CC1}.Release|Any CPU.Build.0 = Release|Any CPU
		{5CA9231C-AEAB-4F98-BB67-933FE5209B7E}.Debug|Any CPU.ActiveCfg = Debug|Any CPU
		{5CA9231C-AEAB-4F98-BB67-933FE5209B7E}.Debug|Any CPU.Build.0 = Debug|Any CPU
		{5CA9231C-AEAB-4F98-BB67-933FE5209B7E}.Release|Any CPU.ActiveCfg = Release|Any CPU
		{5CA9231C-AEAB-4F98-BB67-933FE5209B7E}.Release|Any CPU.Build.0 = Release|Any CPU
		{3CD34C1F-6367-4BC8-AC95-00354C9C7C4D}.Debug|Any CPU.ActiveCfg = Debug|Any CPU
		{3CD34C1F-6367-4BC8-AC95-00354C9C7C4D}.Debug|Any CPU.Build.0 = Debug|Any CPU
		{3CD34C1F-6367-4BC8-AC95-00354C9C7C4D}.Release|Any CPU.ActiveCfg = Release|Any CPU
		{3CD34C1F-6367-4BC8-AC95-00354C9C7C4D}.Release|Any CPU.Build.0 = Release|Any CPU
	EndGlobalSection
	GlobalSection(SolutionProperties) = preSolution
		HideSolutionNode = FALSE
	EndGlobalSection
	GlobalSection(ExtensibilityGlobals) = postSolution
		SolutionGuid = {43C282BD-591D-43B7-BB11-073B90859AC4}
	EndGlobalSection
EndGlobal
