
Microsoft Visual Studio Solution File, Format Version 12.00
# Visual Studio Version 16
VisualStudioVersion = 16.0.30011.22
MinimumVisualStudioVersion = 10.0.40219.1
Project("{FAE04EC0-301F-11D3-BF4B-00C04F79EFBC}") = "01.ConvertMetersToKilometers", "01.ConvertMetersToKilometers\01.ConvertMetersToKilometers.csproj", "{1E04A3A5-96D7-4F7B-A05F-35E04D9BE2A2}"
EndProject
Project("{FAE04EC0-301F-11D3-BF4B-00C04F79EFBC}") = "02.PoundsToDollars", "02.PoundsToDollars\02.PoundsToDollars.csproj", "{9F1519CF-C931-49B1-B1D5-9F3F5E42E711}"
EndProject
Project("{FAE04EC0-301F-11D3-BF4B-00C04F79EFBC}") = "03.ExactSumOfRealNumbers", "03.ExactSumOfRealNumbers\03.ExactSumOfRealNumbers.csproj", "{2508CC58-3EF8-42EF-AA9C-D7E08A8B443C}"
EndProject
Global
	GlobalSection(SolutionConfigurationPlatforms) = preSolution
		Debug|Any CPU = Debug|Any CPU
		Release|Any CPU = Release|Any CPU
	EndGlobalSection
	GlobalSection(ProjectConfigurationPlatforms) = postSolution
		{1E04A3A5-96D7-4F7B-A05F-35E04D9BE2A2}.Debug|Any CPU.ActiveCfg = Debug|Any CPU
		{1E04A3A5-96D7-4F7B-A05F-35E04D9BE2A2}.Debug|Any CPU.Build.0 = Debug|Any CPU
		{1E04A3A5-96D7-4F7B-A05F-35E04D9BE2A2}.Release|Any CPU.ActiveCfg = Release|Any CPU
		{1E04A3A5-96D7-4F7B-A05F-35E04D9BE2A2}.Release|Any CPU.Build.0 = Release|Any CPU
		{9F1519CF-C931-49B1-B1D5-9F3F5E42E711}.Debug|Any CPU.ActiveCfg = Debug|Any CPU
		{9F1519CF-C931-49B1-B1D5-9F3F5E42E711}.Debug|Any CPU.Build.0 = Debug|Any CPU
		{9F1519CF-C931-49B1-B1D5-9F3F5E42E711}.Release|Any CPU.ActiveCfg = Release|Any CPU
		{9F1519CF-C931-49B1-B1D5-9F3F5E42E711}.Release|Any CPU.Build.0 = Release|Any CPU
		{2508CC58-3EF8-42EF-AA9C-D7E08A8B443C}.Debug|Any CPU.ActiveCfg = Debug|Any CPU
		{2508CC58-3EF8-42EF-AA9C-D7E08A8B443C}.Debug|Any CPU.Build.0 = Debug|Any CPU
		{2508CC58-3EF8-42EF-AA9C-D7E08A8B443C}.Release|Any CPU.ActiveCfg = Release|Any CPU
		{2508CC58-3EF8-42EF-AA9C-D7E08A8B443C}.Release|Any CPU.Build.0 = Release|Any CPU
	EndGlobalSection
	GlobalSection(SolutionProperties) = preSolution
		HideSolutionNode = FALSE
	EndGlobalSection
	GlobalSection(ExtensibilityGlobals) = postSolution
		SolutionGuid = {E241341F-AA99-4C55-850C-A762A57071DA}
	EndGlobalSection
EndGlobal
