
Microsoft Visual Studio Solution File, Format Version 12.00
# Visual Studio Version 16
VisualStudioVersion = 16.0.31019.35
MinimumVisualStudioVersion = 10.0.40219.1
Project("{FAE04EC0-301F-11D3-BF4B-00C04F79EFBC}") = "01.Shapes", "01.Shapes\01.Shapes.csproj", "{419F7AB7-E5DA-4C62-8D3F-082455A1C8A6}"
EndProject
Project("{FAE04EC0-301F-11D3-BF4B-00C04F79EFBC}") = "02.Cars", "02.Cars\02.Cars.csproj", "{8161E824-61E7-4CCD-B9A4-1088C5A32990}"
EndProject
Global
	GlobalSection(SolutionConfigurationPlatforms) = preSolution
		Debug|Any CPU = Debug|Any CPU
		Release|Any CPU = Release|Any CPU
	EndGlobalSection
	GlobalSection(ProjectConfigurationPlatforms) = postSolution
		{419F7AB7-E5DA-4C62-8D3F-082455A1C8A6}.Debug|Any CPU.ActiveCfg = Debug|Any CPU
		{419F7AB7-E5DA-4C62-8D3F-082455A1C8A6}.Debug|Any CPU.Build.0 = Debug|Any CPU
		{419F7AB7-E5DA-4C62-8D3F-082455A1C8A6}.Release|Any CPU.ActiveCfg = Release|Any CPU
		{419F7AB7-E5DA-4C62-8D3F-082455A1C8A6}.Release|Any CPU.Build.0 = Release|Any CPU
		{8161E824-61E7-4CCD-B9A4-1088C5A32990}.Debug|Any CPU.ActiveCfg = Debug|Any CPU
		{8161E824-61E7-4CCD-B9A4-1088C5A32990}.Debug|Any CPU.Build.0 = Debug|Any CPU
		{8161E824-61E7-4CCD-B9A4-1088C5A32990}.Release|Any CPU.ActiveCfg = Release|Any CPU
		{8161E824-61E7-4CCD-B9A4-1088C5A32990}.Release|Any CPU.Build.0 = Release|Any CPU
	EndGlobalSection
	GlobalSection(SolutionProperties) = preSolution
		HideSolutionNode = FALSE
	EndGlobalSection
	GlobalSection(ExtensibilityGlobals) = postSolution
		SolutionGuid = {70F5958E-25DA-41B6-B2E0-566ADC5AA16B}
	EndGlobalSection
EndGlobal
