
Microsoft Visual Studio Solution File, Format Version 12.00
# Visual Studio Version 17
VisualStudioVersion = 17.2.32630.192
MinimumVisualStudioVersion = 10.0.40219.1
Project("{FAE04EC0-301F-11D3-BF4B-00C04F79EFBC}") = "PersonalFinances", "PersonalFinances\PersonalFinances.csproj", "{70B3AC6E-F8CD-4031-9087-91C4DF325434}"
EndProject
Global
	GlobalSection(SolutionConfigurationPlatforms) = preSolution
		Debug|Any CPU = Debug|Any CPU
		Release|Any CPU = Release|Any CPU
	EndGlobalSection
	GlobalSection(ProjectConfigurationPlatforms) = postSolution
		{70B3AC6E-F8CD-4031-9087-91C4DF325434}.Debug|Any CPU.ActiveCfg = Debug|Any CPU
		{70B3AC6E-F8CD-4031-9087-91C4DF325434}.Debug|Any CPU.Build.0 = Debug|Any CPU
		{70B3AC6E-F8CD-4031-9087-91C4DF325434}.Release|Any CPU.ActiveCfg = Release|Any CPU
		{70B3AC6E-F8CD-4031-9087-91C4DF325434}.Release|Any CPU.Build.0 = Release|Any CPU
	EndGlobalSection
	GlobalSection(SolutionProperties) = preSolution
		HideSolutionNode = FALSE
	EndGlobalSection
	GlobalSection(ExtensibilityGlobals) = postSolution
		SolutionGuid = {0ED93FFA-0E2A-4272-ACFB-6833AFFC9F28}
	EndGlobalSection
EndGlobal
