
Microsoft Visual Studio Solution File, Format Version 12.00
# Visual Studio Version 16
VisualStudioVersion = 16.0.30011.22
MinimumVisualStudioVersion = 10.0.40219.1
Project("{9A19103F-16F7-4668-BE54-9A1E7A4F7556}") = "01.StudentInformation", "01.StudentInformation\01.StudentInformation.csproj", "{4CCED6CF-20D1-4334-A5E5-FCB7A57F5426}"
EndProject
Project("{9A19103F-16F7-4668-BE54-9A1E7A4F7556}") = "02.Passed", "02.Passed\02.Passed.csproj", "{C1B45C23-C9AD-4EF3-8EB1-6E9A276E96A8}"
EndProject
Project("{9A19103F-16F7-4668-BE54-9A1E7A4F7556}") = "03.PassedOrFailed", "03.PassedOrFailed\03.PassedOrFailed.csproj", "{C67B1C5B-C57F-48DA-9266-22772D848655}"
EndProject
Project("{FAE04EC0-301F-11D3-BF4B-00C04F79EFBC}") = "04.BackIn30Minutes", "04.BackIn30Minutes\04.BackIn30Minutes.csproj", "{E5B67EAB-946E-4F28-ADB8-FD4E27F94ABB}"
EndProject
Project("{FAE04EC0-301F-11D3-BF4B-00C04F79EFBC}") = "05.MonthPrinter", "05.MonthPrinter\05.MonthPrinter.csproj", "{94D702E5-281B-445B-A11A-70E82D9C7D62}"
EndProject
Project("{FAE04EC0-301F-11D3-BF4B-00C04F79EFBC}") = "06.ForeignLanguages", "06.ForeignLanguages\06.ForeignLanguages.csproj", "{31CC29C8-62C7-42B4-BB1A-167936BEFEC6}"
EndProject
Project("{FAE04EC0-301F-11D3-BF4B-00C04F79EFBC}") = "07.TheatrePromotion", "07.TheatrePromotion\07.TheatrePromotion.csproj", "{80FB2A14-6E9C-454A-A814-3E28761C6FE8}"
EndProject
Project("{FAE04EC0-301F-11D3-BF4B-00C04F79EFBC}") = "08.DivisibleBy3", "08.DivisibleBy3\08.DivisibleBy3.csproj", "{E5996F1C-EE13-41F2-81DE-8B06115BE55B}"
EndProject
Project("{FAE04EC0-301F-11D3-BF4B-00C04F79EFBC}") = "09.SumOfOddNumbers", "09.SumOfOddNumbers\09.SumOfOddNumbers.csproj", "{D45A6738-B7C8-4B95-81F0-477196DF2C7A}"
EndProject
Project("{FAE04EC0-301F-11D3-BF4B-00C04F79EFBC}") = "10.MultiplicationTable", "10.MultiplicationTable\10.MultiplicationTable.csproj", "{92475A37-67D9-4A06-A1FF-755AA33E40F5}"
EndProject
Project("{FAE04EC0-301F-11D3-BF4B-00C04F79EFBC}") = "11.MultiplicationTable2.0", "11.MultiplicationTable2.0\11.MultiplicationTable2.0.csproj", "{5EFAEB2F-FFA0-466F-88E5-905117FD59F3}"
EndProject
Project("{FAE04EC0-301F-11D3-BF4B-00C04F79EFBC}") = "12.EvenNumber", "12.EvenNumber\12.EvenNumber.csproj", "{53318974-3D83-406D-A660-AFAA1AFBC865}"
EndProject
Project("{FAE04EC0-301F-11D3-BF4B-00C04F79EFBC}") = "13.HolidaysBetweenTwoDates", "13.HolidaysBetweenTwoDates\13.HolidaysBetweenTwoDates.csproj", "{4CF1FF6C-D95E-4911-A53D-B8E4AEDB3FA8}"
EndProject
Global
	GlobalSection(SolutionConfigurationPlatforms) = preSolution
		Debug|Any CPU = Debug|Any CPU
		Release|Any CPU = Release|Any CPU
	EndGlobalSection
	GlobalSection(ProjectConfigurationPlatforms) = postSolution
		{4CCED6CF-20D1-4334-A5E5-FCB7A57F5426}.Debug|Any CPU.ActiveCfg = Debug|Any CPU
		{4CCED6CF-20D1-4334-A5E5-FCB7A57F5426}.Debug|Any CPU.Build.0 = Debug|Any CPU
		{4CCED6CF-20D1-4334-A5E5-FCB7A57F5426}.Release|Any CPU.ActiveCfg = Release|Any CPU
		{4CCED6CF-20D1-4334-A5E5-FCB7A57F5426}.Release|Any CPU.Build.0 = Release|Any CPU
		{C1B45C23-C9AD-4EF3-8EB1-6E9A276E96A8}.Debug|Any CPU.ActiveCfg = Debug|Any CPU
		{C1B45C23-C9AD-4EF3-8EB1-6E9A276E96A8}.Debug|Any CPU.Build.0 = Debug|Any CPU
		{C1B45C23-C9AD-4EF3-8EB1-6E9A276E96A8}.Release|Any CPU.ActiveCfg = Release|Any CPU
		{C1B45C23-C9AD-4EF3-8EB1-6E9A276E96A8}.Release|Any CPU.Build.0 = Release|Any CPU
		{C67B1C5B-C57F-48DA-9266-22772D848655}.Debug|Any CPU.ActiveCfg = Debug|Any CPU
		{C67B1C5B-C57F-48DA-9266-22772D848655}.Debug|Any CPU.Build.0 = Debug|Any CPU
		{C67B1C5B-C57F-48DA-9266-22772D848655}.Release|Any CPU.ActiveCfg = Release|Any CPU
		{C67B1C5B-C57F-48DA-9266-22772D848655}.Release|Any CPU.Build.0 = Release|Any CPU
		{E5B67EAB-946E-4F28-ADB8-FD4E27F94ABB}.Debug|Any CPU.ActiveCfg = Debug|Any CPU
		{E5B67EAB-946E-4F28-ADB8-FD4E27F94ABB}.Debug|Any CPU.Build.0 = Debug|Any CPU
		{E5B67EAB-946E-4F28-ADB8-FD4E27F94ABB}.Release|Any CPU.ActiveCfg = Release|Any CPU
		{E5B67EAB-946E-4F28-ADB8-FD4E27F94ABB}.Release|Any CPU.Build.0 = Release|Any CPU
		{94D702E5-281B-445B-A11A-70E82D9C7D62}.Debug|Any CPU.ActiveCfg = Debug|Any CPU
		{94D702E5-281B-445B-A11A-70E82D9C7D62}.Debug|Any CPU.Build.0 = Debug|Any CPU
		{94D702E5-281B-445B-A11A-70E82D9C7D62}.Release|Any CPU.ActiveCfg = Release|Any CPU
		{94D702E5-281B-445B-A11A-70E82D9C7D62}.Release|Any CPU.Build.0 = Release|Any CPU
		{31CC29C8-62C7-42B4-BB1A-167936BEFEC6}.Debug|Any CPU.ActiveCfg = Debug|Any CPU
		{31CC29C8-62C7-42B4-BB1A-167936BEFEC6}.Debug|Any CPU.Build.0 = Debug|Any CPU
		{31CC29C8-62C7-42B4-BB1A-167936BEFEC6}.Release|Any CPU.ActiveCfg = Release|Any CPU
		{31CC29C8-62C7-42B4-BB1A-167936BEFEC6}.Release|Any CPU.Build.0 = Release|Any CPU
		{80FB2A14-6E9C-454A-A814-3E28761C6FE8}.Debug|Any CPU.ActiveCfg = Debug|Any CPU
		{80FB2A14-6E9C-454A-A814-3E28761C6FE8}.Debug|Any CPU.Build.0 = Debug|Any CPU
		{80FB2A14-6E9C-454A-A814-3E28761C6FE8}.Release|Any CPU.ActiveCfg = Release|Any CPU
		{80FB2A14-6E9C-454A-A814-3E28761C6FE8}.Release|Any CPU.Build.0 = Release|Any CPU
		{E5996F1C-EE13-41F2-81DE-8B06115BE55B}.Debug|Any CPU.ActiveCfg = Debug|Any CPU
		{E5996F1C-EE13-41F2-81DE-8B06115BE55B}.Debug|Any CPU.Build.0 = Debug|Any CPU
		{E5996F1C-EE13-41F2-81DE-8B06115BE55B}.Release|Any CPU.ActiveCfg = Release|Any CPU
		{E5996F1C-EE13-41F2-81DE-8B06115BE55B}.Release|Any CPU.Build.0 = Release|Any CPU
		{D45A6738-B7C8-4B95-81F0-477196DF2C7A}.Debug|Any CPU.ActiveCfg = Debug|Any CPU
		{D45A6738-B7C8-4B95-81F0-477196DF2C7A}.Debug|Any CPU.Build.0 = Debug|Any CPU
		{D45A6738-B7C8-4B95-81F0-477196DF2C7A}.Release|Any CPU.ActiveCfg = Release|Any CPU
		{D45A6738-B7C8-4B95-81F0-477196DF2C7A}.Release|Any CPU.Build.0 = Release|Any CPU
		{92475A37-67D9-4A06-A1FF-755AA33E40F5}.Debug|Any CPU.ActiveCfg = Debug|Any CPU
		{92475A37-67D9-4A06-A1FF-755AA33E40F5}.Debug|Any CPU.Build.0 = Debug|Any CPU
		{92475A37-67D9-4A06-A1FF-755AA33E40F5}.Release|Any CPU.ActiveCfg = Release|Any CPU
		{92475A37-67D9-4A06-A1FF-755AA33E40F5}.Release|Any CPU.Build.0 = Release|Any CPU
		{5EFAEB2F-FFA0-466F-88E5-905117FD59F3}.Debug|Any CPU.ActiveCfg = Debug|Any CPU
		{5EFAEB2F-FFA0-466F-88E5-905117FD59F3}.Debug|Any CPU.Build.0 = Debug|Any CPU
		{5EFAEB2F-FFA0-466F-88E5-905117FD59F3}.Release|Any CPU.ActiveCfg = Release|Any CPU
		{5EFAEB2F-FFA0-466F-88E5-905117FD59F3}.Release|Any CPU.Build.0 = Release|Any CPU
		{53318974-3D83-406D-A660-AFAA1AFBC865}.Debug|Any CPU.ActiveCfg = Debug|Any CPU
		{53318974-3D83-406D-A660-AFAA1AFBC865}.Debug|Any CPU.Build.0 = Debug|Any CPU
		{53318974-3D83-406D-A660-AFAA1AFBC865}.Release|Any CPU.ActiveCfg = Release|Any CPU
		{53318974-3D83-406D-A660-AFAA1AFBC865}.Release|Any CPU.Build.0 = Release|Any CPU
		{4CF1FF6C-D95E-4911-A53D-B8E4AEDB3FA8}.Debug|Any CPU.ActiveCfg = Debug|Any CPU
		{4CF1FF6C-D95E-4911-A53D-B8E4AEDB3FA8}.Debug|Any CPU.Build.0 = Debug|Any CPU
		{4CF1FF6C-D95E-4911-A53D-B8E4AEDB3FA8}.Release|Any CPU.ActiveCfg = Release|Any CPU
		{4CF1FF6C-D95E-4911-A53D-B8E4AEDB3FA8}.Release|Any CPU.Build.0 = Release|Any CPU
	EndGlobalSection
	GlobalSection(SolutionProperties) = preSolution
		HideSolutionNode = FALSE
	EndGlobalSection
	GlobalSection(ExtensibilityGlobals) = postSolution
		SolutionGuid = {151FC09A-4355-4BC9-BFF2-15D5767FF502}
	EndGlobalSection
EndGlobal
