
Microsoft Visual Studio Solution File, Format Version 12.00
# Visual Studio Version 16
VisualStudioVersion = 16.0.30011.22
MinimumVisualStudioVersion = 10.0.40219.1
Project("{FAE04EC0-301F-11D3-BF4B-00C04F79EFBC}") = "01.ExtractPersonInformation", "01.ExtractPersonInformation\01.ExtractPersonInformation.csproj", "{205CD548-A567-4851-8E81-622D953ACEA5}"
EndProject
Global
	GlobalSection(SolutionConfigurationPlatforms) = preSolution
		Debug|Any CPU = Debug|Any CPU
		Release|Any CPU = Release|Any CPU
	EndGlobalSection
	GlobalSection(ProjectConfigurationPlatforms) = postSolution
		{205CD548-A567-4851-8E81-622D953ACEA5}.Debug|Any CPU.ActiveCfg = Debug|Any CPU
		{205CD548-A567-4851-8E81-622D953ACEA5}.Debug|Any CPU.Build.0 = Debug|Any CPU
		{205CD548-A567-4851-8E81-622D953ACEA5}.Release|Any CPU.ActiveCfg = Release|Any CPU
		{205CD548-A567-4851-8E81-622D953ACEA5}.Release|Any CPU.Build.0 = Release|Any CPU
	EndGlobalSection
	GlobalSection(SolutionProperties) = preSolution
		HideSolutionNode = FALSE
	EndGlobalSection
	GlobalSection(ExtensibilityGlobals) = postSolution
		SolutionGuid = {10E927B0-E1E0-41C4-BBFA-64B20155311F}
	EndGlobalSection
EndGlobal
