
Microsoft Visual Studio Solution File, Format Version 12.00
# Visual Studio Version 16
VisualStudioVersion = 16.0.31624.102
MinimumVisualStudioVersion = 10.0.40219.1
Project("{FAE04EC0-301F-11D3-BF4B-00C04F79EFBC}") = "MessageUncryptor", "MessageUncryptor.csproj", "{020DE06A-335F-412E-8013-1DFCAE8879C9}"
EndProject
Global
	GlobalSection(SolutionConfigurationPlatforms) = preSolution
		Debug|Any CPU = Debug|Any CPU
		Release|Any CPU = Release|Any CPU
	EndGlobalSection
	GlobalSection(ProjectConfigurationPlatforms) = postSolution
		{020DE06A-335F-412E-8013-1DFCAE8879C9}.Debug|Any CPU.ActiveCfg = Debug|Any CPU
		{020DE06A-335F-412E-8013-1DFCAE8879C9}.Debug|Any CPU.Build.0 = Debug|Any CPU
		{020DE06A-335F-412E-8013-1DFCAE8879C9}.Release|Any CPU.ActiveCfg = Release|Any CPU
		{020DE06A-335F-412E-8013-1DFCAE8879C9}.Release|Any CPU.Build.0 = Release|Any CPU
	EndGlobalSection
	GlobalSection(SolutionProperties) = preSolution
		HideSolutionNode = FALSE
	EndGlobalSection
	GlobalSection(ExtensibilityGlobals) = postSolution
		SolutionGuid = {559E8A22-AF7A-4457-88B2-38E3A70A90BD}
	EndGlobalSection
EndGlobal
