
Microsoft Visual Studio Solution File, Format Version 12.00
# Visual Studio Version 16
VisualStudioVersion = 16.0.30011.22
MinimumVisualStudioVersion = 10.0.40219.1
Project("{FAE04EC0-301F-11D3-BF4B-00C04F79EFBC}") = "01.DataTypes", "01.DataTypes\01.DataTypes.csproj", "{F17CC1D3-6E39-4286-B40E-FAF5E46409EC}"
EndProject
Global
	GlobalSection(SolutionConfigurationPlatforms) = preSolution
		Debug|Any CPU = Debug|Any CPU
		Release|Any CPU = Release|Any CPU
	EndGlobalSection
	GlobalSection(ProjectConfigurationPlatforms) = postSolution
		{F17CC1D3-6E39-4286-B40E-FAF5E46409EC}.Debug|Any CPU.ActiveCfg = Debug|Any CPU
		{F17CC1D3-6E39-4286-B40E-FAF5E46409EC}.Debug|Any CPU.Build.0 = Debug|Any CPU
		{F17CC1D3-6E39-4286-B40E-FAF5E46409EC}.Release|Any CPU.ActiveCfg = Release|Any CPU
		{F17CC1D3-6E39-4286-B40E-FAF5E46409EC}.Release|Any CPU.Build.0 = Release|Any CPU
	EndGlobalSection
	GlobalSection(SolutionProperties) = preSolution
		HideSolutionNode = FALSE
	EndGlobalSection
	GlobalSection(ExtensibilityGlobals) = postSolution
		SolutionGuid = {B7636275-85FF-4AFD-93B6-E08C203D2034}
	EndGlobalSection
EndGlobal
