
Microsoft Visual Studio Solution File, Format Version 12.00
# Visual Studio Version 16
VisualStudioVersion = 16.0.31105.61
MinimumVisualStudioVersion = 10.0.40219.1
Project("{FAE04EC0-301F-11D3-BF4B-00C04F79EFBC}") = "01.CountSameValuesInArray", "01.CountSameValuesInArray\01.CountSameValuesInArray.csproj", "{CAD2EE4B-345E-468E-93EA-7F9017ECE093}"
EndProject
Global
	GlobalSection(SolutionConfigurationPlatforms) = preSolution
		Debug|Any CPU = Debug|Any CPU
		Release|Any CPU = Release|Any CPU
	EndGlobalSection
	GlobalSection(ProjectConfigurationPlatforms) = postSolution
		{CAD2EE4B-345E-468E-93EA-7F9017ECE093}.Debug|Any CPU.ActiveCfg = Debug|Any CPU
		{CAD2EE4B-345E-468E-93EA-7F9017ECE093}.Debug|Any CPU.Build.0 = Debug|Any CPU
		{CAD2EE4B-345E-468E-93EA-7F9017ECE093}.Release|Any CPU.ActiveCfg = Release|Any CPU
		{CAD2EE4B-345E-468E-93EA-7F9017ECE093}.Release|Any CPU.Build.0 = Release|Any CPU
	EndGlobalSection
	GlobalSection(SolutionProperties) = preSolution
		HideSolutionNode = FALSE
	EndGlobalSection
	GlobalSection(ExtensibilityGlobals) = postSolution
		SolutionGuid = {49E15B0E-4D5C-4153-962B-1067062E511D}
	EndGlobalSection
EndGlobal
