
Microsoft Visual Studio Solution File, Format Version 12.00
# Visual Studio Version 16
VisualStudioVersion = 16.0.30011.22
MinimumVisualStudioVersion = 10.0.40219.1
Project("{FAE04EC0-301F-11D3-BF4B-00C04F79EFBC}") = "01.MatchTickets", "01.MatchTickets\01.MatchTickets.csproj", "{DB3E0ED7-8484-4743-9FEC-2F6997D1E78D}"
EndProject
Project("{FAE04EC0-301F-11D3-BF4B-00C04F79EFBC}") = "02.BikeRace", "02.BikeRace\02.BikeRace.csproj", "{82EA53B6-38F6-4F80-9BAB-137A172EFBCF}"
EndProject
Project("{FAE04EC0-301F-11D3-BF4B-00C04F79EFBC}") = "03.Flowers", "03.Flowers\03.Flowers.csproj", "{7BE5803D-39D0-4832-AAA1-366CE8BAB387}"
EndProject
Project("{FAE04EC0-301F-11D3-BF4B-00C04F79EFBC}") = "04.CarToGo", "04.CarToGo\04.CarToGo.csproj", "{F2B8AB1C-3FB1-4698-9C2E-FC30C51ACC26}"
EndProject
Project("{FAE04EC0-301F-11D3-BF4B-00C04F79EFBC}") = "05.Vacation", "05.Vacation\05.Vacation.csproj", "{ABFFB7C9-E50A-449E-9D1F-DDB1DEF33EAE}"
EndProject
Global
	GlobalSection(SolutionConfigurationPlatforms) = preSolution
		Debug|Any CPU = Debug|Any CPU
		Release|Any CPU = Release|Any CPU
	EndGlobalSection
	GlobalSection(ProjectConfigurationPlatforms) = postSolution
		{DB3E0ED7-8484-4743-9FEC-2F6997D1E78D}.Debug|Any CPU.ActiveCfg = Debug|Any CPU
		{DB3E0ED7-8484-4743-9FEC-2F6997D1E78D}.Debug|Any CPU.Build.0 = Debug|Any CPU
		{DB3E0ED7-8484-4743-9FEC-2F6997D1E78D}.Release|Any CPU.ActiveCfg = Release|Any CPU
		{DB3E0ED7-8484-4743-9FEC-2F6997D1E78D}.Release|Any CPU.Build.0 = Release|Any CPU
		{82EA53B6-38F6-4F80-9BAB-137A172EFBCF}.Debug|Any CPU.ActiveCfg = Debug|Any CPU
		{82EA53B6-38F6-4F80-9BAB-137A172EFBCF}.Debug|Any CPU.Build.0 = Debug|Any CPU
		{82EA53B6-38F6-4F80-9BAB-137A172EFBCF}.Release|Any CPU.ActiveCfg = Release|Any CPU
		{82EA53B6-38F6-4F80-9BAB-137A172EFBCF}.Release|Any CPU.Build.0 = Release|Any CPU
		{7BE5803D-39D0-4832-AAA1-366CE8BAB387}.Debug|Any CPU.ActiveCfg = Debug|Any CPU
		{7BE5803D-39D0-4832-AAA1-366CE8BAB387}.Debug|Any CPU.Build.0 = Debug|Any CPU
		{7BE5803D-39D0-4832-AAA1-366CE8BAB387}.Release|Any CPU.ActiveCfg = Release|Any CPU
		{7BE5803D-39D0-4832-AAA1-366CE8BAB387}.Release|Any CPU.Build.0 = Release|Any CPU
		{F2B8AB1C-3FB1-4698-9C2E-FC30C51ACC26}.Debug|Any CPU.ActiveCfg = Debug|Any CPU
		{F2B8AB1C-3FB1-4698-9C2E-FC30C51ACC26}.Debug|Any CPU.Build.0 = Debug|Any CPU
		{F2B8AB1C-3FB1-4698-9C2E-FC30C51ACC26}.Release|Any CPU.ActiveCfg = Release|Any CPU
		{F2B8AB1C-3FB1-4698-9C2E-FC30C51ACC26}.Release|Any CPU.Build.0 = Release|Any CPU
		{ABFFB7C9-E50A-449E-9D1F-DDB1DEF33EAE}.Debug|Any CPU.ActiveCfg = Debug|Any CPU
		{ABFFB7C9-E50A-449E-9D1F-DDB1DEF33EAE}.Debug|Any CPU.Build.0 = Debug|Any CPU
		{ABFFB7C9-E50A-449E-9D1F-DDB1DEF33EAE}.Release|Any CPU.ActiveCfg = Release|Any CPU
		{ABFFB7C9-E50A-449E-9D1F-DDB1DEF33EAE}.Release|Any CPU.Build.0 = Release|Any CPU
	EndGlobalSection
	GlobalSection(SolutionProperties) = preSolution
		HideSolutionNode = FALSE
	EndGlobalSection
	GlobalSection(ExtensibilityGlobals) = postSolution
		SolutionGuid = {8AA7FF23-18AE-42FB-B078-3EBB913B4316}
	EndGlobalSection
EndGlobal
