
Microsoft Visual Studio Solution File, Format Version 12.00
# Visual Studio Version 16
VisualStudioVersion = 16.0.30011.22
MinimumVisualStudioVersion = 10.0.40219.1
Project("{FAE04EC0-301F-11D3-BF4B-00C04F79EFBC}") = "01.BeehiveDeffense", "01.BeehiveDeffense\01.BeehiveDeffense.csproj", "{23ECEBB4-3976-4F09-9078-AEB0F2F67DC0}"
EndProject
Global
	GlobalSection(SolutionConfigurationPlatforms) = preSolution
		Debug|Any CPU = Debug|Any CPU
		Release|Any CPU = Release|Any CPU
	EndGlobalSection
	GlobalSection(ProjectConfigurationPlatforms) = postSolution
		{23ECEBB4-3976-4F09-9078-AEB0F2F67DC0}.Debug|Any CPU.ActiveCfg = Debug|Any CPU
		{23ECEBB4-3976-4F09-9078-AEB0F2F67DC0}.Debug|Any CPU.Build.0 = Debug|Any CPU
		{23ECEBB4-3976-4F09-9078-AEB0F2F67DC0}.Release|Any CPU.ActiveCfg = Release|Any CPU
		{23ECEBB4-3976-4F09-9078-AEB0F2F67DC0}.Release|Any CPU.Build.0 = Release|Any CPU
	EndGlobalSection
	GlobalSection(SolutionProperties) = preSolution
		HideSolutionNode = FALSE
	EndGlobalSection
	GlobalSection(ExtensibilityGlobals) = postSolution
		SolutionGuid = {B256E64C-3601-4F23-BDE6-40BE9237CA51}
	EndGlobalSection
EndGlobal
