
Microsoft Visual Studio Solution File, Format Version 12.00
# Visual Studio Version 16
VisualStudioVersion = 16.0.30011.22
MinimumVisualStudioVersion = 10.0.40219.1
Project("{FAE04EC0-301F-11D3-BF4B-00C04F79EFBC}") = "01.SuppliesForSchool", "01.SuppliesForSchool\01.SuppliesForSchool.csproj", "{A45DA095-E9DA-479E-BCD8-6389D6D635F9}"
EndProject
Global
	GlobalSection(SolutionConfigurationPlatforms) = preSolution
		Debug|Any CPU = Debug|Any CPU
		Release|Any CPU = Release|Any CPU
	EndGlobalSection
	GlobalSection(ProjectConfigurationPlatforms) = postSolution
		{A45DA095-E9DA-479E-BCD8-6389D6D635F9}.Debug|Any CPU.ActiveCfg = Debug|Any CPU
		{A45DA095-E9DA-479E-BCD8-6389D6D635F9}.Debug|Any CPU.Build.0 = Debug|Any CPU
		{A45DA095-E9DA-479E-BCD8-6389D6D635F9}.Release|Any CPU.ActiveCfg = Release|Any CPU
		{A45DA095-E9DA-479E-BCD8-6389D6D635F9}.Release|Any CPU.Build.0 = Release|Any CPU
	EndGlobalSection
	GlobalSection(SolutionProperties) = preSolution
		HideSolutionNode = FALSE
	EndGlobalSection
	GlobalSection(ExtensibilityGlobals) = postSolution
		SolutionGuid = {3277A5E4-51F2-4579-89E6-0B6E61C57A14}
	EndGlobalSection
EndGlobal
