
Microsoft Visual Studio Solution File, Format Version 12.00
# Visual Studio Version 16
VisualStudioVersion = 16.0.30011.22
MinimumVisualStudioVersion = 10.0.40219.1
Project("{FAE04EC0-301F-11D3-BF4B-00C04F79EFBC}") = "01.ValidUsernames", "01.ValidUsernames\01.ValidUsernames.csproj", "{375BF947-5733-454B-ABBE-5FD5449A7CBD}"
EndProject
Global
	GlobalSection(SolutionConfigurationPlatforms) = preSolution
		Debug|Any CPU = Debug|Any CPU
		Release|Any CPU = Release|Any CPU
	EndGlobalSection
	GlobalSection(ProjectConfigurationPlatforms) = postSolution
		{375BF947-5733-454B-ABBE-5FD5449A7CBD}.Debug|Any CPU.ActiveCfg = Debug|Any CPU
		{375BF947-5733-454B-ABBE-5FD5449A7CBD}.Debug|Any CPU.Build.0 = Debug|Any CPU
		{375BF947-5733-454B-ABBE-5FD5449A7CBD}.Release|Any CPU.ActiveCfg = Release|Any CPU
		{375BF947-5733-454B-ABBE-5FD5449A7CBD}.Release|Any CPU.Build.0 = Release|Any CPU
	EndGlobalSection
	GlobalSection(SolutionProperties) = preSolution
		HideSolutionNode = FALSE
	EndGlobalSection
	GlobalSection(ExtensibilityGlobals) = postSolution
		SolutionGuid = {FA866922-1E03-46AF-8AE5-D75AA8E56831}
	EndGlobalSection
EndGlobal
