
Microsoft Visual Studio Solution File, Format Version 12.00
# Visual Studio Version 16
VisualStudioVersion = 16.0.30011.22
MinimumVisualStudioVersion = 10.0.40219.1
Project("{FAE04EC0-301F-11D3-BF4B-00C04F79EFBC}") = "01.IntegerOperations", "01.IntegerOperations\01.IntegerOperations.csproj", "{854868CA-8F3A-4BEA-99D4-1CD62D35BB6E}"
EndProject
Global
	GlobalSection(SolutionConfigurationPlatforms) = preSolution
		Debug|Any CPU = Debug|Any CPU
		Release|Any CPU = Release|Any CPU
	EndGlobalSection
	GlobalSection(ProjectConfigurationPlatforms) = postSolution
		{854868CA-8F3A-4BEA-99D4-1CD62D35BB6E}.Debug|Any CPU.ActiveCfg = Debug|Any CPU
		{854868CA-8F3A-4BEA-99D4-1CD62D35BB6E}.Debug|Any CPU.Build.0 = Debug|Any CPU
		{854868CA-8F3A-4BEA-99D4-1CD62D35BB6E}.Release|Any CPU.ActiveCfg = Release|Any CPU
		{854868CA-8F3A-4BEA-99D4-1CD62D35BB6E}.Release|Any CPU.Build.0 = Release|Any CPU
	EndGlobalSection
	GlobalSection(SolutionProperties) = preSolution
		HideSolutionNode = FALSE
	EndGlobalSection
	GlobalSection(ExtensibilityGlobals) = postSolution
		SolutionGuid = {526E7489-6AEE-402A-9DCA-34019EDA1046}
	EndGlobalSection
EndGlobal
