
Microsoft Visual Studio Solution File, Format Version 12.00
# Visual Studio Version 16
VisualStudioVersion = 16.0.30011.22
MinimumVisualStudioVersion = 10.0.40219.1
Project("{FAE04EC0-301F-11D3-BF4B-00C04F79EFBC}") = "01.CountCharsInAString", "01.CountCharsInAString\01.CountCharsInAString.csproj", "{BF67BFA1-6114-4173-B892-6906A980BD23}"
EndProject
Global
	GlobalSection(SolutionConfigurationPlatforms) = preSolution
		Debug|Any CPU = Debug|Any CPU
		Release|Any CPU = Release|Any CPU
	EndGlobalSection
	GlobalSection(ProjectConfigurationPlatforms) = postSolution
		{BF67BFA1-6114-4173-B892-6906A980BD23}.Debug|Any CPU.ActiveCfg = Debug|Any CPU
		{BF67BFA1-6114-4173-B892-6906A980BD23}.Debug|Any CPU.Build.0 = Debug|Any CPU
		{BF67BFA1-6114-4173-B892-6906A980BD23}.Release|Any CPU.ActiveCfg = Release|Any CPU
		{BF67BFA1-6114-4173-B892-6906A980BD23}.Release|Any CPU.Build.0 = Release|Any CPU
	EndGlobalSection
	GlobalSection(SolutionProperties) = preSolution
		HideSolutionNode = FALSE
	EndGlobalSection
	GlobalSection(ExtensibilityGlobals) = postSolution
		SolutionGuid = {947C70D6-2A5E-476F-9066-6A6BBC46B993}
	EndGlobalSection
EndGlobal
