
Microsoft Visual Studio Solution File, Format Version 12.00
# Visual Studio Version 16
VisualStudioVersion = 16.0.31105.61
MinimumVisualStudioVersion = 10.0.40219.1
Project("{FAE04EC0-301F-11D3-BF4B-00C04F79EFBC}") = "Skeleton", "Skeleton\Skeleton.csproj", "{B7C13488-44A9-432D-A12C-ED88E9656144}"
EndProject
Project("{FAE04EC0-301F-11D3-BF4B-00C04F79EFBC}") = "Tests", "Tests\Tests.csproj", "{43AAD685-7E01-46E1-8B67-6EB4399FD22E}"
EndProject
Global
	GlobalSection(SolutionConfigurationPlatforms) = preSolution
		Debug|Any CPU = Debug|Any CPU
		Release|Any CPU = Release|Any CPU
	EndGlobalSection
	GlobalSection(ProjectConfigurationPlatforms) = postSolution
		{B7C13488-44A9-432D-A12C-ED88E9656144}.Debug|Any CPU.ActiveCfg = Debug|Any CPU
		{B7C13488-44A9-432D-A12C-ED88E9656144}.Debug|Any CPU.Build.0 = Debug|Any CPU
		{B7C13488-44A9-432D-A12C-ED88E9656144}.Release|Any CPU.ActiveCfg = Release|Any CPU
		{B7C13488-44A9-432D-A12C-ED88E9656144}.Release|Any CPU.Build.0 = Release|Any CPU
		{43AAD685-7E01-46E1-8B67-6EB4399FD22E}.Debug|Any CPU.ActiveCfg = Debug|Any CPU
		{43AAD685-7E01-46E1-8B67-6EB4399FD22E}.Debug|Any CPU.Build.0 = Debug|Any CPU
		{43AAD685-7E01-46E1-8B67-6EB4399FD22E}.Release|Any CPU.ActiveCfg = Release|Any CPU
		{43AAD685-7E01-46E1-8B67-6EB4399FD22E}.Release|Any CPU.Build.0 = Release|Any CPU
	EndGlobalSection
	GlobalSection(SolutionProperties) = preSolution
		HideSolutionNode = FALSE
	EndGlobalSection
	GlobalSection(ExtensibilityGlobals) = postSolution
		SolutionGuid = {AA9C40CC-EA36-4304-A176-11EF42C5738C}
	EndGlobalSection
EndGlobal
