
Microsoft Visual Studio Solution File, Format Version 12.00
# Visual Studio Version 16
VisualStudioVersion = 16.0.31019.35
MinimumVisualStudioVersion = 10.0.40219.1
Project("{FAE04EC0-301F-11D3-BF4B-00C04F79EFBC}") = "01.ReverseStrings", "01.ReverseStrings\01.ReverseStrings.csproj", "{86C8D78C-1CCF-452D-87ED-B53E6B84D4A6}"
EndProject
Global
	GlobalSection(SolutionConfigurationPlatforms) = preSolution
		Debug|Any CPU = Debug|Any CPU
		Release|Any CPU = Release|Any CPU
	EndGlobalSection
	GlobalSection(ProjectConfigurationPlatforms) = postSolution
		{86C8D78C-1CCF-452D-87ED-B53E6B84D4A6}.Debug|Any CPU.ActiveCfg = Debug|Any CPU
		{86C8D78C-1CCF-452D-87ED-B53E6B84D4A6}.Debug|Any CPU.Build.0 = Debug|Any CPU
		{86C8D78C-1CCF-452D-87ED-B53E6B84D4A6}.Release|Any CPU.ActiveCfg = Release|Any CPU
		{86C8D78C-1CCF-452D-87ED-B53E6B84D4A6}.Release|Any CPU.Build.0 = Release|Any CPU
	EndGlobalSection
	GlobalSection(SolutionProperties) = preSolution
		HideSolutionNode = FALSE
	EndGlobalSection
	GlobalSection(ExtensibilityGlobals) = postSolution
		SolutionGuid = {29E50591-0464-471C-9085-CB868781DCAF}
	EndGlobalSection
EndGlobal
